// !$*UTF8*$!
{
	archiveVersion = 1;
	classes = {
	};
	objectVersion = 51;
	objects = {

/* Begin PBXBuildFile section */
		A611600824F9835B00EAEF74 /* AppDelegate.swift in Sources */ = {isa = PBXBuildFile; fileRef = A611600724F9835B00EAEF74 /* AppDelegate.swift */; };
		A611600A24F9835B00EAEF74 /* SceneDelegate.swift in Sources */ = {isa = PBXBuildFile; fileRef = A611600924F9835B00EAEF74 /* SceneDelegate.swift */; };
		A611600C24F9835B00EAEF74 /* MoviesViewController.swift in Sources */ = {isa = PBXBuildFile; fileRef = A611600B24F9835B00EAEF74 /* MoviesViewController.swift */; };
		A611600F24F9835B00EAEF74 /* Main.storyboard in Resources */ = {isa = PBXBuildFile; fileRef = A611600D24F9835B00EAEF74 /* Main.storyboard */; };
		A611601124F9836000EAEF74 /* Assets.xcassets in Resources */ = {isa = PBXBuildFile; fileRef = A611601024F9836000EAEF74 /* Assets.xcassets */; };
		A611601424F9836000EAEF74 /* LaunchScreen.storyboard in Resources */ = {isa = PBXBuildFile; fileRef = A611601224F9836000EAEF74 /* LaunchScreen.storyboard */; };
		A611601F24F9836000EAEF74 /* FlixTests.swift in Sources */ = {isa = PBXBuildFile; fileRef = A611601E24F9836000EAEF74 /* FlixTests.swift */; };
		A611602A24F9836000EAEF74 /* FlixUITests.swift in Sources */ = {isa = PBXBuildFile; fileRef = A611602924F9836000EAEF74 /* FlixUITests.swift */; };
		A6B688C62507FD0C00DC8B96 /* MovieDetailsViewController.swift in Sources */ = {isa = PBXBuildFile; fileRef = A6B688C52507FD0C00DC8B96 /* MovieDetailsViewController.swift */; };
		A6B688CA2508221C00DC8B96 /* MoviesGridViewController.swift in Sources */ = {isa = PBXBuildFile; fileRef = A6B688C92508221C00DC8B96 /* MoviesGridViewController.swift */; };
		A6B688CC250825E600DC8B96 /* MovieGridCell.swift in Sources */ = {isa = PBXBuildFile; fileRef = A6B688CB250825E600DC8B96 /* MovieGridCell.swift */; };
		A6C429A124FCCFD8005305B7 /* MovieCell.swift in Sources */ = {isa = PBXBuildFile; fileRef = A6C429A024FCCFD8005305B7 /* MovieCell.swift */; };
		B67ADD120F350CE00B14E9E3 /* Pods_Flix.framework in Frameworks */ = {isa = PBXBuildFile; fileRef = A90AC40C114AF8F8DC438D62 /* Pods_Flix.framework */; };
		BBB5985A8BF18C87F17FDD91 /* Pods_FlixTests.framework in Frameworks */ = {isa = PBXBuildFile; fileRef = 6C12E7AB00A4004D8692AC35 /* Pods_FlixTests.framework */; };
		E6B0720A8C57DC5B75D18982 /* Pods_Flix_FlixUITests.framework in Frameworks */ = {isa = PBXBuildFile; fileRef = D7F4746B96AEE402672CB500 /* Pods_Flix_FlixUITests.framework */; };
/* End PBXBuildFile section */

/* Begin PBXContainerItemProxy section */
		A611601B24F9836000EAEF74 /* PBXContainerItemProxy */ = {
			isa = PBXContainerItemProxy;
			containerPortal = A6115FFC24F9835B00EAEF74 /* Project object */;
			proxyType = 1;
			remoteGlobalIDString = A611600324F9835B00EAEF74;
			remoteInfo = Flix;
		};
		A611602624F9836000EAEF74 /* PBXContainerItemProxy */ = {
			isa = PBXContainerItemProxy;
			containerPortal = A6115FFC24F9835B00EAEF74 /* Project object */;
			proxyType = 1;
			remoteGlobalIDString = A611600324F9835B00EAEF74;
			remoteInfo = Flix;
		};
/* End PBXContainerItemProxy section */

/* Begin PBXFileReference section */
		48AEF232AB38A4AF597A3E52 /* Pods-Flix.release.xcconfig */ = {isa = PBXFileReference; includeInIndex = 1; lastKnownFileType = text.xcconfig; name = "Pods-Flix.release.xcconfig"; path = "Target Support Files/Pods-Flix/Pods-Flix.release.xcconfig"; sourceTree = "<group>"; };
		6C12E7AB00A4004D8692AC35 /* Pods_FlixTests.framework */ = {isa = PBXFileReference; explicitFileType = wrapper.framework; includeInIndex = 0; path = Pods_FlixTests.framework; sourceTree = BUILT_PRODUCTS_DIR; };
		78DD8E8B56F1611FFC261D9B /* Pods-FlixTests.release.xcconfig */ = {isa = PBXFileReference; includeInIndex = 1; lastKnownFileType = text.xcconfig; name = "Pods-FlixTests.release.xcconfig"; path = "Target Support Files/Pods-FlixTests/Pods-FlixTests.release.xcconfig"; sourceTree = "<group>"; };
		A611600424F9835B00EAEF74 /* Flix.app */ = {isa = PBXFileReference; explicitFileType = wrapper.application; includeInIndex = 0; path = Flix.app; sourceTree = BUILT_PRODUCTS_DIR; };
		A611600724F9835B00EAEF74 /* AppDelegate.swift */ = {isa = PBXFileReference; lastKnownFileType = sourcecode.swift; path = AppDelegate.swift; sourceTree = "<group>"; };
		A611600924F9835B00EAEF74 /* SceneDelegate.swift */ = {isa = PBXFileReference; lastKnownFileType = sourcecode.swift; path = SceneDelegate.swift; sourceTree = "<group>"; };
		A611600B24F9835B00EAEF74 /* MoviesViewController.swift */ = {isa = PBXFileReference; lastKnownFileType = sourcecode.swift; path = MoviesViewController.swift; sourceTree = "<group>"; };
		A611600E24F9835B00EAEF74 /* Base */ = {isa = PBXFileReference; lastKnownFileType = file.storyboard; name = Base; path = Base.lproj/Main.storyboard; sourceTree = "<group>"; };
		A611601024F9836000EAEF74 /* Assets.xcassets */ = {isa = PBXFileReference; lastKnownFileType = folder.assetcatalog; path = Assets.xcassets; sourceTree = "<group>"; };
		A611601324F9836000EAEF74 /* Base */ = {isa = PBXFileReference; lastKnownFileType = file.storyboard; name = Base; path = Base.lproj/LaunchScreen.storyboard; sourceTree = "<group>"; };
		A611601524F9836000EAEF74 /* Info.plist */ = {isa = PBXFileReference; lastKnownFileType = text.plist.xml; path = Info.plist; sourceTree = "<group>"; };
		A611601A24F9836000EAEF74 /* FlixTests.xctest */ = {isa = PBXFileReference; explicitFileType = wrapper.cfbundle; includeInIndex = 0; path = FlixTests.xctest; sourceTree = BUILT_PRODUCTS_DIR; };
		A611601E24F9836000EAEF74 /* FlixTests.swift */ = {isa = PBXFileReference; lastKnownFileType = sourcecode.swift; path = FlixTests.swift; sourceTree = "<group>"; };
		A611602024F9836000EAEF74 /* Info.plist */ = {isa = PBXFileReference; lastKnownFileType = text.plist.xml; path = Info.plist; sourceTree = "<group>"; };
		A611602524F9836000EAEF74 /* FlixUITests.xctest */ = {isa = PBXFileReference; explicitFileType = wrapper.cfbundle; includeInIndex = 0; path = FlixUITests.xctest; sourceTree = BUILT_PRODUCTS_DIR; };
		A611602924F9836000EAEF74 /* FlixUITests.swift */ = {isa = PBXFileReference; lastKnownFileType = sourcecode.swift; path = FlixUITests.swift; sourceTree = "<group>"; };
		A611602B24F9836000EAEF74 /* Info.plist */ = {isa = PBXFileReference; lastKnownFileType = text.plist.xml; path = Info.plist; sourceTree = "<group>"; };
		A6B688C52507FD0C00DC8B96 /* MovieDetailsViewController.swift */ = {isa = PBXFileReference; lastKnownFileType = sourcecode.swift; path = MovieDetailsViewController.swift; sourceTree = "<group>"; };
		A6B688C92508221C00DC8B96 /* MoviesGridViewController.swift */ = {isa = PBXFileReference; lastKnownFileType = sourcecode.swift; path = MoviesGridViewController.swift; sourceTree = "<group>"; };
		A6B688CB250825E600DC8B96 /* MovieGridCell.swift */ = {isa = PBXFileReference; lastKnownFileType = sourcecode.swift; path = MovieGridCell.swift; sourceTree = "<group>"; };
		A6C429A024FCCFD8005305B7 /* MovieCell.swift */ = {isa = PBXFileReference; lastKnownFileType = sourcecode.swift; path = MovieCell.swift; sourceTree = "<group>"; };
		A90AC40C114AF8F8DC438D62 /* Pods_Flix.framework */ = {isa = PBXFileReference; explicitFileType = wrapper.framework; includeInIndex = 0; path = Pods_Flix.framework; sourceTree = BUILT_PRODUCTS_DIR; };
		B03410ED3F9DBC4AB11D0E6B /* Pods-FlixTests.debug.xcconfig */ = {isa = PBXFileReference; includeInIndex = 1; lastKnownFileType = text.xcconfig; name = "Pods-FlixTests.debug.xcconfig"; path = "Target Support Files/Pods-FlixTests/Pods-FlixTests.debug.xcconfig"; sourceTree = "<group>"; };
		C354B31AC095F56B296B91D5 /* Pods-Flix-FlixUITests.release.xcconfig */ = {isa = PBXFileReference; includeInIndex = 1; lastKnownFileType = text.xcconfig; name = "Pods-Flix-FlixUITests.release.xcconfig"; path = "Target Support Files/Pods-Flix-FlixUITests/Pods-Flix-FlixUITests.release.xcconfig"; sourceTree = "<group>"; };
		D7F4746B96AEE402672CB500 /* Pods_Flix_FlixUITests.framework */ = {isa = PBXFileReference; explicitFileType = wrapper.framework; includeInIndex = 0; path = Pods_Flix_FlixUITests.framework; sourceTree = BUILT_PRODUCTS_DIR; };
		DD1D01B93E77C7BA6DCBE22E /* Pods-Flix.debug.xcconfig */ = {isa = PBXFileReference; includeInIndex = 1; lastKnownFileType = text.xcconfig; name = "Pods-Flix.debug.xcconfig"; path = "Target Support Files/Pods-Flix/Pods-Flix.debug.xcconfig"; sourceTree = "<group>"; };
		FF8BF36459551BAEFC50CD8A /* Pods-Flix-FlixUITests.debug.xcconfig */ = {isa = PBXFileReference; includeInIndex = 1; lastKnownFileType = text.xcconfig; name = "Pods-Flix-FlixUITests.debug.xcconfig"; path = "Target Support Files/Pods-Flix-FlixUITests/Pods-Flix-FlixUITests.debug.xcconfig"; sourceTree = "<group>"; };
/* End PBXFileReference section */

/* Begin PBXFrameworksBuildPhase section */
		A611600124F9835B00EAEF74 /* Frameworks */ = {
			isa = PBXFrameworksBuildPhase;
			buildActionMask = 2147483647;
			files = (
				B67ADD120F350CE00B14E9E3 /* Pods_Flix.framework in Frameworks */,
			);
			runOnlyForDeploymentPostprocessing = 0;
		};
		A611601724F9836000EAEF74 /* Frameworks */ = {
			isa = PBXFrameworksBuildPhase;
			buildActionMask = 2147483647;
			files = (
				BBB5985A8BF18C87F17FDD91 /* Pods_FlixTests.framework in Frameworks */,
			);
			runOnlyForDeploymentPostprocessing = 0;
		};
		A611602224F9836000EAEF74 /* Frameworks */ = {
			isa = PBXFrameworksBuildPhase;
			buildActionMask = 2147483647;
			files = (
				E6B0720A8C57DC5B75D18982 /* Pods_Flix_FlixUITests.framework in Frameworks */,
			);
			runOnlyForDeploymentPostprocessing = 0;
		};
/* End PBXFrameworksBuildPhase section */

/* Begin PBXGroup section */
		A6115FFB24F9835B00EAEF74 = {
			isa = PBXGroup;
			children = (
				A611600624F9835B00EAEF74 /* Flix */,
				A611601D24F9836000EAEF74 /* FlixTests */,
				A611602824F9836000EAEF74 /* FlixUITests */,
				A611600524F9835B00EAEF74 /* Products */,
				BD227C8D92B2D54D764158CC /* Pods */,
				DBBA8F231D53160BA7119B79 /* Frameworks */,
			);
			sourceTree = "<group>";
		};
		A611600524F9835B00EAEF74 /* Products */ = {
			isa = PBXGroup;
			children = (
				A611600424F9835B00EAEF74 /* Flix.app */,
				A611601A24F9836000EAEF74 /* FlixTests.xctest */,
				A611602524F9836000EAEF74 /* FlixUITests.xctest */,
			);
			name = Products;
			sourceTree = "<group>";
		};
		A611600624F9835B00EAEF74 /* Flix */ = {
			isa = PBXGroup;
			children = (
				A611600724F9835B00EAEF74 /* AppDelegate.swift */,
				A611600924F9835B00EAEF74 /* SceneDelegate.swift */,
				A611600D24F9835B00EAEF74 /* Main.storyboard */,
				A611601024F9836000EAEF74 /* Assets.xcassets */,
				A611601224F9836000EAEF74 /* LaunchScreen.storyboard */,
				A611601524F9836000EAEF74 /* Info.plist */,
				A611600B24F9835B00EAEF74 /* MoviesViewController.swift */,
				A6C429A024FCCFD8005305B7 /* MovieCell.swift */,
				A6B688C52507FD0C00DC8B96 /* MovieDetailsViewController.swift */,
				A6B688C92508221C00DC8B96 /* MoviesGridViewController.swift */,
				A6B688CB250825E600DC8B96 /* MovieGridCell.swift */,
			);
			path = Flix;
			sourceTree = "<group>";
		};
		A611601D24F9836000EAEF74 /* FlixTests */ = {
			isa = PBXGroup;
			children = (
				A611601E24F9836000EAEF74 /* FlixTests.swift */,
				A611602024F9836000EAEF74 /* Info.plist */,
			);
			path = FlixTests;
			sourceTree = "<group>";
		};
		A611602824F9836000EAEF74 /* FlixUITests */ = {
			isa = PBXGroup;
			children = (
				A611602924F9836000EAEF74 /* FlixUITests.swift */,
				A611602B24F9836000EAEF74 /* Info.plist */,
			);
			path = FlixUITests;
			sourceTree = "<group>";
		};
		BD227C8D92B2D54D764158CC /* Pods */ = {
			isa = PBXGroup;
			children = (
				DD1D01B93E77C7BA6DCBE22E /* Pods-Flix.debug.xcconfig */,
				48AEF232AB38A4AF597A3E52 /* Pods-Flix.release.xcconfig */,
				FF8BF36459551BAEFC50CD8A /* Pods-Flix-FlixUITests.debug.xcconfig */,
				C354B31AC095F56B296B91D5 /* Pods-Flix-FlixUITests.release.xcconfig */,
				B03410ED3F9DBC4AB11D0E6B /* Pods-FlixTests.debug.xcconfig */,
				78DD8E8B56F1611FFC261D9B /* Pods-FlixTests.release.xcconfig */,
			);
			path = Pods;
			sourceTree = "<group>";
		};
		DBBA8F231D53160BA7119B79 /* Frameworks */ = {
			isa = PBXGroup;
			children = (
				A90AC40C114AF8F8DC438D62 /* Pods_Flix.framework */,
				D7F4746B96AEE402672CB500 /* Pods_Flix_FlixUITests.framework */,
				6C12E7AB00A4004D8692AC35 /* Pods_FlixTests.framework */,
			);
			name = Frameworks;
			sourceTree = "<group>";
		};
/* End PBXGroup section */

/* Begin PBXNativeTarget section */
		A611600324F9835B00EAEF74 /* Flix */ = {
			isa = PBXNativeTarget;
			buildConfigurationList = A611602E24F9836000EAEF74 /* Build configuration list for PBXNativeTarget "Flix" */;
			buildPhases = (
				924EA23A69C2FAB54E28130A /* [CP] Check Pods Manifest.lock */,
				A611600024F9835B00EAEF74 /* Sources */,
				A611600124F9835B00EAEF74 /* Frameworks */,
				A611600224F9835B00EAEF74 /* Resources */,
				99296870738B44992D5F21FF /* [CP] Embed Pods Frameworks */,
			);
			buildRules = (
			);
			dependencies = (
			);
			name = Flix;
			productName = Flix;
			productReference = A611600424F9835B00EAEF74 /* Flix.app */;
			productType = "com.apple.product-type.application";
		};
		A611601924F9836000EAEF74 /* FlixTests */ = {
			isa = PBXNativeTarget;
			buildConfigurationList = A611603124F9836000EAEF74 /* Build configuration list for PBXNativeTarget "FlixTests" */;
			buildPhases = (
				BC93FCB44F67CE71ACC4ABD7 /* [CP] Check Pods Manifest.lock */,
				A611601624F9836000EAEF74 /* Sources */,
				A611601724F9836000EAEF74 /* Frameworks */,
				A611601824F9836000EAEF74 /* Resources */,
			);
			buildRules = (
			);
			dependencies = (
				A611601C24F9836000EAEF74 /* PBXTargetDependency */,
			);
			name = FlixTests;
			productName = FlixTests;
			productReference = A611601A24F9836000EAEF74 /* FlixTests.xctest */;
			productType = "com.apple.product-type.bundle.unit-test";
		};
		A611602424F9836000EAEF74 /* FlixUITests */ = {
			isa = PBXNativeTarget;
			buildConfigurationList = A611603424F9836000EAEF74 /* Build configuration list for PBXNativeTarget "FlixUITests" */;
			buildPhases = (
				600DE142F01A0D4BF63467B5 /* [CP] Check Pods Manifest.lock */,
				A611602124F9836000EAEF74 /* Sources */,
				A611602224F9836000EAEF74 /* Frameworks */,
				A611602324F9836000EAEF74 /* Resources */,
				9BE8C0BC8BF6145AEEFA3B97 /* [CP] Embed Pods Frameworks */,
			);
			buildRules = (
			);
			dependencies = (
				A611602724F9836000EAEF74 /* PBXTargetDependency */,
			);
			name = FlixUITests;
			productName = FlixUITests;
			productReference = A611602524F9836000EAEF74 /* FlixUITests.xctest */;
			productType = "com.apple.product-type.bundle.ui-testing";
		};
/* End PBXNativeTarget section */

/* Begin PBXProject section */
		A6115FFC24F9835B00EAEF74 /* Project object */ = {
			isa = PBXProject;
			attributes = {
				LastSwiftUpdateCheck = 1150;
				LastUpgradeCheck = 1160;
				ORGANIZATIONNAME = gabrielleviray;
				TargetAttributes = {
					A611600324F9835B00EAEF74 = {
						CreatedOnToolsVersion = 11.5;
					};
					A611601924F9836000EAEF74 = {
						CreatedOnToolsVersion = 11.5;
						TestTargetID = A611600324F9835B00EAEF74;
					};
					A611602424F9836000EAEF74 = {
						CreatedOnToolsVersion = 11.5;
						TestTargetID = A611600324F9835B00EAEF74;
					};
				};
			};
			buildConfigurationList = A6115FFF24F9835B00EAEF74 /* Build configuration list for PBXProject "Flix" */;
			compatibilityVersion = "Xcode 9.3";
			developmentRegion = en;
			hasScannedForEncodings = 0;
			knownRegions = (
				en,
				Base,
			);
			mainGroup = A6115FFB24F9835B00EAEF74;
			productRefGroup = A611600524F9835B00EAEF74 /* Products */;
			projectDirPath = "";
			projectRoot = "";
			targets = (
				A611600324F9835B00EAEF74 /* Flix */,
				A611601924F9836000EAEF74 /* FlixTests */,
				A611602424F9836000EAEF74 /* FlixUITests */,
			);
		};
/* End PBXProject section */

/* Begin PBXResourcesBuildPhase section */
		A611600224F9835B00EAEF74 /* Resources */ = {
			isa = PBXResourcesBuildPhase;
			buildActionMask = 2147483647;
			files = (
				A611601424F9836000EAEF74 /* LaunchScreen.storyboard in Resources */,
				A611601124F9836000EAEF74 /* Assets.xcassets in Resources */,
				A611600F24F9835B00EAEF74 /* Main.storyboard in Resources */,
			);
			runOnlyForDeploymentPostprocessing = 0;
		};
		A611601824F9836000EAEF74 /* Resources */ = {
			isa = PBXResourcesBuildPhase;
			buildActionMask = 2147483647;
			files = (
			);
			runOnlyForDeploymentPostprocessing = 0;
		};
		A611602324F9836000EAEF74 /* Resources */ = {
			isa = PBXResourcesBuildPhase;
			buildActionMask = 2147483647;
			files = (
			);
			runOnlyForDeploymentPostprocessing = 0;
		};
/* End PBXResourcesBuildPhase section */

/* Begin PBXShellScriptBuildPhase section */
		600DE142F01A0D4BF63467B5 /* [CP] Check Pods Manifest.lock */ = {
			isa = PBXShellScriptBuildPhase;
			buildActionMask = 2147483647;
			files = (
			);
			inputFileListPaths = (
			);
			inputPaths = (
				"${PODS_PODFILE_DIR_PATH}/Podfile.lock",
				"${PODS_ROOT}/Manifest.lock",
			);
			name = "[CP] Check Pods Manifest.lock";
			outputFileListPaths = (
			);
			outputPaths = (
				"$(DERIVED_FILE_DIR)/Pods-Flix-FlixUITests-checkManifestLockResult.txt",
			);
			runOnlyForDeploymentPostprocessing = 0;
			shellPath = /bin/sh;
			shellScript = "diff \"${PODS_PODFILE_DIR_PATH}/Podfile.lock\" \"${PODS_ROOT}/Manifest.lock\" > /dev/null\nif [ $? != 0 ] ; then\n    # print error to STDERR\n    echo \"error: The sandbox is not in sync with the Podfile.lock. Run 'pod install' or update your CocoaPods installation.\" >&2\n    exit 1\nfi\n# This output is used by Xcode 'outputs' to avoid re-running this script phase.\necho \"SUCCESS\" > \"${SCRIPT_OUTPUT_FILE_0}\"\n";
			showEnvVarsInLog = 0;
		};
		924EA23A69C2FAB54E28130A /* [CP] Check Pods Manifest.lock */ = {
			isa = PBXShellScriptBuildPhase;
			buildActionMask = 2147483647;
			files = (
			);
			inputFileListPaths = (
			);
			inputPaths = (
				"${PODS_PODFILE_DIR_PATH}/Podfile.lock",
				"${PODS_ROOT}/Manifest.lock",
			);
			name = "[CP] Check Pods Manifest.lock";
			outputFileListPaths = (
			);
			outputPaths = (
				"$(DERIVED_FILE_DIR)/Pods-Flix-checkManifestLockResult.txt",
			);
			runOnlyForDeploymentPostprocessing = 0;
			shellPath = /bin/sh;
			shellScript = "diff \"${PODS_PODFILE_DIR_PATH}/Podfile.lock\" \"${PODS_ROOT}/Manifest.lock\" > /dev/null\nif [ $? != 0 ] ; then\n    # print error to STDERR\n    echo \"error: The sandbox is not in sync with the Podfile.lock. Run 'pod install' or update your CocoaPods installation.\" >&2\n    exit 1\nfi\n# This output is used by Xcode 'outputs' to avoid re-running this script phase.\necho \"SUCCESS\" > \"${SCRIPT_OUTPUT_FILE_0}\"\n";
			showEnvVarsInLog = 0;
		};
		99296870738B44992D5F21FF /* [CP] Embed Pods Frameworks */ = {
			isa = PBXShellScriptBuildPhase;
			buildActionMask = 2147483647;
			files = (
			);
			inputFileListPaths = (
				"${PODS_ROOT}/Target Support Files/Pods-Flix/Pods-Flix-frameworks-${CONFIGURATION}-input-files.xcfilelist",
			);
			name = "[CP] Embed Pods Frameworks";
			outputFileListPaths = (
				"${PODS_ROOT}/Target Support Files/Pods-Flix/Pods-Flix-frameworks-${CONFIGURATION}-output-files.xcfilelist",
			);
			runOnlyForDeploymentPostprocessing = 0;
			shellPath = /bin/sh;
			shellScript = "\"${PODS_ROOT}/Target Support Files/Pods-Flix/Pods-Flix-frameworks.sh\"\n";
			showEnvVarsInLog = 0;
		};
		9BE8C0BC8BF6145AEEFA3B97 /* [CP] Embed Pods Frameworks */ = {
			isa = PBXShellScriptBuildPhase;
			buildActionMask = 2147483647;
			files = (
			);
			inputFileListPaths = (
				"${PODS_ROOT}/Target Support Files/Pods-Flix-FlixUITests/Pods-Flix-FlixUITests-frameworks-${CONFIGURATION}-input-files.xcfilelist",
			);
			name = "[CP] Embed Pods Frameworks";
			outputFileListPaths = (
				"${PODS_ROOT}/Target Support Files/Pods-Flix-FlixUITests/Pods-Flix-FlixUITests-frameworks-${CONFIGURATION}-output-files.xcfilelist",
			);
			runOnlyForDeploymentPostprocessing = 0;
			shellPath = /bin/sh;
			shellScript = "\"${PODS_ROOT}/Target Support Files/Pods-Flix-FlixUITests/Pods-Flix-FlixUITests-frameworks.sh\"\n";
			showEnvVarsInLog = 0;
		};
		BC93FCB44F67CE71ACC4ABD7 /* [CP] Check Pods Manifest.lock */ = {
			isa = PBXShellScriptBuildPhase;
			buildActionMask = 2147483647;
			files = (
			);
			inputFileListPaths = (
			);
			inputPaths = (
				"${PODS_PODFILE_DIR_PATH}/Podfile.lock",
				"${PODS_ROOT}/Manifest.lock",
			);
			name = "[CP] Check Pods Manifest.lock";
			outputFileListPaths = (
			);
			outputPaths = (
				"$(DERIVED_FILE_DIR)/Pods-FlixTests-checkManifestLockResult.txt",
			);
			runOnlyForDeploymentPostprocessing = 0;
			shellPath = /bin/sh;
			shellScript = "diff \"${PODS_PODFILE_DIR_PATH}/Podfile.lock\" \"${PODS_ROOT}/Manifest.lock\" > /dev/null\nif [ $? != 0 ] ; then\n    # print error to STDERR\n    echo \"error: The sandbox is not in sync with the Podfile.lock. Run 'pod install' or update your CocoaPods installation.\" >&2\n    exit 1\nfi\n# This output is used by Xcode 'outputs' to avoid re-running this script phase.\necho \"SUCCESS\" > \"${SCRIPT_OUTPUT_FILE_0}\"\n";
			showEnvVarsInLog = 0;
		};
/* End PBXShellScriptBuildPhase section */

/* Begin PBXSourcesBuildPhase section */
		A611600024F9835B00EAEF74 /* Sources */ = {
			isa = PBXSourcesBuildPhase;
			buildActionMask = 2147483647;
			files = (
				A6B688C62507FD0C00DC8B96 /* MovieDetailsViewController.swift in Sources */,
				A611600C24F9835B00EAEF74 /* MoviesViewController.swift in Sources */,
				A611600824F9835B00EAEF74 /* AppDelegate.swift in Sources */,
				A6C429A124FCCFD8005305B7 /* MovieCell.swift in Sources */,
				A6B688CC250825E600DC8B96 /* MovieGridCell.swift in Sources */,
				A6B688CA2508221C00DC8B96 /* MoviesGridViewController.swift in Sources */,
				A611600A24F9835B00EAEF74 /* SceneDelegate.swift in Sources */,
			);
			runOnlyForDeploymentPostprocessing = 0;
		};
		A611601624F9836000EAEF74 /* Sources */ = {
			isa = PBXSourcesBuildPhase;
			buildActionMask = 2147483647;
			files = (
				A611601F24F9836000EAEF74 /* FlixTests.swift in Sources */,
			);
			runOnlyForDeploymentPostprocessing = 0;
		};
		A611602124F9836000EAEF74 /* Sources */ = {
			isa = PBXSourcesBuildPhase;
			buildActionMask = 2147483647;
			files = (
				A611602A24F9836000EAEF74 /* FlixUITests.swift in Sources */,
			);
			runOnlyForDeploymentPostprocessing = 0;
		};
/* End PBXSourcesBuildPhase section */

/* Begin PBXTargetDependency section */
		A611601C24F9836000EAEF74 /* PBXTargetDependency */ = {
			isa = PBXTargetDependency;
			target = A611600324F9835B00EAEF74 /* Flix */;
			targetProxy = A611601B24F9836000EAEF74 /* PBXContainerItemProxy */;
		};
		A611602724F9836000EAEF74 /* PBXTargetDependency */ = {
			isa = PBXTargetDependency;
			target = A611600324F9835B00EAEF74 /* Flix */;
			targetProxy = A611602624F9836000EAEF74 /* PBXContainerItemProxy */;
		};
/* End PBXTargetDependency section */

/* Begin PBXVariantGroup section */
		A611600D24F9835B00EAEF74 /* Main.storyboard */ = {
			isa = PBXVariantGroup;
			children = (
				A611600E24F9835B00EAEF74 /* Base */,
			);
			name = Main.storyboard;
			sourceTree = "<group>";
		};
		A611601224F9836000EAEF74 /* LaunchScreen.storyboard */ = {
			isa = PBXVariantGroup;
			children = (
				A611601324F9836000EAEF74 /* Base */,
			);
			name = LaunchScreen.storyboard;
			sourceTree = "<group>";
		};
/* End PBXVariantGroup section */

/* Begin XCBuildConfiguration section */
		A611602C24F9836000EAEF74 /* Debug */ = {
			isa = XCBuildConfiguration;
			buildSettings = {
				ALWAYS_SEARCH_USER_PATHS = NO;
				CLANG_ANALYZER_NONNULL = YES;
				CLANG_ANALYZER_NUMBER_OBJECT_CONVERSION = YES_AGGRESSIVE;
				CLANG_CXX_LANGUAGE_STANDARD = "gnu++14";
				CLANG_CXX_LIBRARY = "libc++";
				CLANG_ENABLE_MODULES = YES;
				CLANG_ENABLE_OBJC_ARC = YES;
				CLANG_ENABLE_OBJC_WEAK = YES;
				CLANG_WARN_BLOCK_CAPTURE_AUTORELEASING = YES;
				CLANG_WARN_BOOL_CONVERSION = YES;
				CLANG_WARN_COMMA = YES;
				CLANG_WARN_CONSTANT_CONVERSION = YES;
				CLANG_WARN_DEPRECATED_OBJC_IMPLEMENTATIONS = YES;
				CLANG_WARN_DIRECT_OBJC_ISA_USAGE = YES_ERROR;
				CLANG_WARN_DOCUMENTATION_COMMENTS = YES;
				CLANG_WARN_EMPTY_BODY = YES;
				CLANG_WARN_ENUM_CONVERSION = YES;
				CLANG_WARN_INFINITE_RECURSION = YES;
				CLANG_WARN_INT_CONVERSION = YES;
				CLANG_WARN_NON_LITERAL_NULL_CONVERSION = YES;
				CLANG_WARN_OBJC_IMPLICIT_RETAIN_SELF = YES;
				CLANG_WARN_OBJC_LITERAL_CONVERSION = YES;
				CLANG_WARN_OBJC_ROOT_CLASS = YES_ERROR;
				CLANG_WARN_RANGE_LOOP_ANALYSIS = YES;
				CLANG_WARN_STRICT_PROTOTYPES = YES;
				CLANG_WARN_SUSPICIOUS_MOVE = YES;
				CLANG_WARN_UNGUARDED_AVAILABILITY = YES_AGGRESSIVE;
				CLANG_WARN_UNREACHABLE_CODE = YES;
				CLANG_WARN__DUPLICATE_METHOD_MATCH = YES;
				COPY_PHASE_STRIP = NO;
				DEBUG_INFORMATION_FORMAT = dwarf;
				ENABLE_STRICT_OBJC_MSGSEND = YES;
				ENABLE_TESTABILITY = YES;
				GCC_C_LANGUAGE_STANDARD = gnu11;
				GCC_DYNAMIC_NO_PIC = NO;
				GCC_NO_COMMON_BLOCKS = YES;
				GCC_OPTIMIZATION_LEVEL = 0;
				GCC_PREPROCESSOR_DEFINITIONS = (
					"DEBUG=1",
					"$(inherited)",
				);
				GCC_WARN_64_TO_32_BIT_CONVERSION = YES;
				GCC_WARN_ABOUT_RETURN_TYPE = YES_ERROR;
				GCC_WARN_UNDECLARED_SELECTOR = YES;
				GCC_WARN_UNINITIALIZED_AUTOS = YES_AGGRESSIVE;
				GCC_WARN_UNUSED_FUNCTION = YES;
				GCC_WARN_UNUSED_VARIABLE = YES;
				IPHONEOS_DEPLOYMENT_TARGET = 13.5;
				MTL_ENABLE_DEBUG_INFO = INCLUDE_SOURCE;
				MTL_FAST_MATH = YES;
				ONLY_ACTIVE_ARCH = YES;
				SDKROOT = iphoneos;
				SWIFT_ACTIVE_COMPILATION_CONDITIONS = DEBUG;
				SWIFT_OPTIMIZATION_LEVEL = "-Onone";
			};
			name = Debug;
		};
		A611602D24F9836000EAEF74 /* Release */ = {
			isa = XCBuildConfiguration;
			buildSettings = {
				ALWAYS_SEARCH_USER_PATHS = NO;
				CLANG_ANALYZER_NONNULL = YES;
				CLANG_ANALYZER_NUMBER_OBJECT_CONVERSION = YES_AGGRESSIVE;
				CLANG_CXX_LANGUAGE_STANDARD = "gnu++14";
				CLANG_CXX_LIBRARY = "libc++";
				CLANG_ENABLE_MODULES = YES;
				CLANG_ENABLE_OBJC_ARC = YES;
				CLANG_ENABLE_OBJC_WEAK = YES;
				CLANG_WARN_BLOCK_CAPTURE_AUTORELEASING = YES;
				CLANG_WARN_BOOL_CONVERSION = YES;
				CLANG_WARN_COMMA = YES;
				CLANG_WARN_CONSTANT_CONVERSION = YES;
				CLANG_WARN_DEPRECATED_OBJC_IMPLEMENTATIONS = YES;
				CLANG_WARN_DIRECT_OBJC_ISA_USAGE = YES_ERROR;
				CLANG_WARN_DOCUMENTATION_COMMENTS = YES;
				CLANG_WARN_EMPTY_BODY = YES;
				CLANG_WARN_ENUM_CONVERSION = YES;
				CLANG_WARN_INFINITE_RECURSION = YES;
				CLANG_WARN_INT_CONVERSION = YES;
				CLANG_WARN_NON_LITERAL_NULL_CONVERSION = YES;
				CLANG_WARN_OBJC_IMPLICIT_RETAIN_SELF = YES;
				CLANG_WARN_OBJC_LITERAL_CONVERSION = YES;
				CLANG_WARN_OBJC_ROOT_CLASS = YES_ERROR;
				CLANG_WARN_RANGE_LOOP_ANALYSIS = YES;
				CLANG_WARN_STRICT_PROTOTYPES = YES;
				CLANG_WARN_SUSPICIOUS_MOVE = YES;
				CLANG_WARN_UNGUARDED_AVAILABILITY = YES_AGGRESSIVE;
				CLANG_WARN_UNREACHABLE_CODE = YES;
				CLANG_WARN__DUPLICATE_METHOD_MATCH = YES;
				COPY_PHASE_STRIP = NO;
				DEBUG_INFORMATION_FORMAT = "dwarf-with-dsym";
				ENABLE_NS_ASSERTIONS = NO;
				ENABLE_STRICT_OBJC_MSGSEND = YES;
				GCC_C_LANGUAGE_STANDARD = gnu11;
				GCC_NO_COMMON_BLOCKS = YES;
				GCC_WARN_64_TO_32_BIT_CONVERSION = YES;
				GCC_WARN_ABOUT_RETURN_TYPE = YES_ERROR;
				GCC_WARN_UNDECLARED_SELECTOR = YES;
				GCC_WARN_UNINITIALIZED_AUTOS = YES_AGGRESSIVE;
				GCC_WARN_UNUSED_FUNCTION = YES;
				GCC_WARN_UNUSED_VARIABLE = YES;
				IPHONEOS_DEPLOYMENT_TARGET = 13.5;
				MTL_ENABLE_DEBUG_INFO = NO;
				MTL_FAST_MATH = YES;
				SDKROOT = iphoneos;
				SWIFT_COMPILATION_MODE = wholemodule;
				SWIFT_OPTIMIZATION_LEVEL = "-O";
				VALIDATE_PRODUCT = YES;
			};
			name = Release;
		};
		A611602F24F9836000EAEF74 /* Debug */ = {
			isa = XCBuildConfiguration;
			baseConfigurationReference = DD1D01B93E77C7BA6DCBE22E /* Pods-Flix.debug.xcconfig */;
			buildSettings = {
				ASSETCATALOG_COMPILER_APPICON_NAME = AppIcon;
				CODE_SIGN_IDENTITY = "Apple Development";
				CODE_SIGN_STYLE = Automatic;
				DEVELOPMENT_TEAM = PWUAJ69Y97;
				INFOPLIST_FILE = Flix/Info.plist;
				LD_RUNPATH_SEARCH_PATHS = (
					"$(inherited)",
					"@executable_path/Frameworks",
				);
				PRODUCT_BUNDLE_IDENTIFIER = com.gabrielleviray.Flix;
				PRODUCT_NAME = "$(TARGET_NAME)";
				SWIFT_VERSION = 5.0;
				TARGETED_DEVICE_FAMILY = "1,2";
			};
			name = Debug;
		};
		A611603024F9836000EAEF74 /* Release */ = {
			isa = XCBuildConfiguration;
			baseConfigurationReference = 48AEF232AB38A4AF597A3E52 /* Pods-Flix.release.xcconfig */;
			buildSettings = {
				ASSETCATALOG_COMPILER_APPICON_NAME = AppIcon;
				CODE_SIGN_IDENTITY = "Apple Development";
				CODE_SIGN_STYLE = Manual;
				DEVELOPMENT_TEAM = "";
				INFOPLIST_FILE = Flix/Info.plist;
				LD_RUNPATH_SEARCH_PATHS = (
					"$(inherited)",
					"@executable_path/Frameworks",
				);
				PRODUCT_BUNDLE_IDENTIFIER = com.gabrielleviray.Flix;
				PRODUCT_NAME = "$(TARGET_NAME)";
				PROVISIONING_PROFILE_SPECIFIER = "";
				SWIFT_VERSION = 5.0;
				TARGETED_DEVICE_FAMILY = "1,2";
			};
			name = Release;
		};
		A611603224F9836000EAEF74 /* Debug */ = {
			isa = XCBuildConfiguration;
			baseConfigurationReference = B03410ED3F9DBC4AB11D0E6B /* Pods-FlixTests.debug.xcconfig */;
			buildSettings = {
				ALWAYS_EMBED_SWIFT_STANDARD_LIBRARIES = YES;
				BUNDLE_LOADER = "$(TEST_HOST)";
				CODE_SIGN_STYLE = Automatic;
				INFOPLIST_FILE = FlixTests/Info.plist;
				IPHONEOS_DEPLOYMENT_TARGET = 13.5;
				LD_RUNPATH_SEARCH_PATHS = (
					"$(inherited)",
					"@executable_path/Frameworks",
					"@loader_path/Frameworks",
				);
				PRODUCT_BUNDLE_IDENTIFIER = com.gabrielleviray.FlixTests;
				PRODUCT_NAME = "$(TARGET_NAME)";
				SWIFT_VERSION = 5.0;
				TARGETED_DEVICE_FAMILY = "1,2";
				TEST_HOST = "$(BUILT_PRODUCTS_DIR)/Flix.app/Flix";
			};
			name = Debug;
		};
		A611603324F9836000EAEF74 /* Release */ = {
			isa = XCBuildConfiguration;
			baseConfigurationReference = 78DD8E8B56F1611FFC261D9B /* Pods-FlixTests.release.xcconfig */;
			buildSettings = {
				ALWAYS_EMBED_SWIFT_STANDARD_LIBRARIES = YES;
				BUNDLE_LOADER = "$(TEST_HOST)";
				CODE_SIGN_STYLE = Automatic;
				INFOPLIST_FILE = FlixTests/Info.plist;
				IPHONEOS_DEPLOYMENT_TARGET = 13.5;
				LD_RUNPATH_SEARCH_PATHS = (
					"$(inherited)",
					"@executable_path/Frameworks",
					"@loader_path/Frameworks",
				);
				PRODUCT_BUNDLE_IDENTIFIER = com.gabrielleviray.FlixTests;
				PRODUCT_NAME = "$(TARGET_NAME)";
				SWIFT_VERSION = 5.0;
				TARGETED_DEVICE_FAMILY = "1,2";
				TEST_HOST = "$(BUILT_PRODUCTS_DIR)/Flix.app/Flix";
			};
			name = Release;
		};
		A611603524F9836000EAEF74 /* Debug */ = {
			isa = XCBuildConfiguration;
			baseConfigurationReference = FF8BF36459551BAEFC50CD8A /* Pods-Flix-FlixUITests.debug.xcconfig */;
			buildSettings = {
				ALWAYS_EMBED_SWIFT_STANDARD_LIBRARIES = YES;
				CODE_SIGN_STYLE = Automatic;
				INFOPLIST_FILE = FlixUITests/Info.plist;
				LD_RUNPATH_SEARCH_PATHS = (
					"$(inherited)",
					"@executable_path/Frameworks",
					"@loader_path/Frameworks",
				);
				PRODUCT_BUNDLE_IDENTIFIER = com.gabrielleviray.FlixUITests;
				PRODUCT_NAME = "$(TARGET_NAME)";
				SWIFT_VERSION = 5.0;
				TARGETED_DEVICE_FAMILY = "1,2";
				TEST_TARGET_NAME = Flix;
			};
			name = Debug;
		};
		A611603624F9836000EAEF74 /* Release */ = {
			isa = XCBuildConfiguration;
			baseConfigurationReference = C354B31AC095F56B296B91D5 /* Pods-Flix-FlixUITests.release.xcconfig */;
			buildSettings = {
				ALWAYS_EMBED_SWIFT_STANDARD_LIBRARIES = YES;
				CODE_SIGN_STYLE = Automatic;
				INFOPLIST_FILE = FlixUITests/Info.plist;
				LD_RUNPATH_SEARCH_PATHS = (
					"$(inherited)",
					"@executable_path/Frameworks",
					"@loader_path/Frameworks",
				);
				PRODUCT_BUNDLE_IDENTIFIER = com.gabrielleviray.FlixUITests;
				PRODUCT_NAME = "$(TARGET_NAME)";
				SWIFT_VERSION = 5.0;
				TARGETED_DEVICE_FAMILY = "1,2";
				TEST_TARGET_NAME = Flix;
			};
			name = Release;
		};
/* End XCBuildConfiguration section */

/* Begin XCConfigurationList section */
		A6115FFF24F9835B00EAEF74 /* Build configuration list for PBXProject "Flix" */ = {
			isa = XCConfigurationList;
			buildConfigurations = (
				A611602C24F9836000EAEF74 /* Debug */,
				A611602D24F9836000EAEF74 /* Release */,
			);
			defaultConfigurationIsVisible = 0;
			defaultConfigurationName = Release;
		};
		A611602E24F9836000EAEF74 /* Build configuration list for PBXNativeTarget "Flix" */ = {
			isa = XCConfigurationList;
			buildConfigurations = (
				A611602F24F9836000EAEF74 /* Debug */,
				A611603024F9836000EAEF74 /* Release */,
			);
			defaultConfigurationIsVisible = 0;
			defaultConfigurationName = Release;
		};
		A611603124F9836000EAEF74 /* Build configuration list for PBXNativeTarget "FlixTests" */ = {
			isa = XCConfigurationList;
			buildConfigurations = (
				A611603224F9836000EAEF74 /* Debug */,
				A611603324F9836000EAEF74 /* Release */,
			);
			defaultConfigurationIsVisible = 0;
			defaultConfigurationName = Release;
		};
		A611603424F9836000EAEF74 /* Build configuration list for PBXNativeTarget "FlixUITests" */ = {
			isa = XCConfigurationList;
			buildConfigurations = (
				A611603524F9836000EAEF74 /* Debug */,
				A611603624F9836000EAEF74 /* Release */,
			);
			defaultConfigurationIsVisible = 0;
			defaultConfigurationName = Release;
		};
/* End XCConfigurationList section */
	};
	rootObject = A6115FFC24F9835B00EAEF74 /* Project object */;
}
