// !$*UTF8*$!
{
	archiveVersion = 1;
	classes = {
	};
	objectVersion = 50;
	objects = {

/* Begin PBXBuildFile section */
		A611600824F9835B00EAEF74 /* AppDelegate.swift in Sources */ = {isa = PBXBuildFile; fileRef = A611600724F9835B00EAEF74 /* AppDelegate.swift */; };
		A611600A24F9835B00EAEF74 /* SceneDelegate.swift in Sources */ = {isa = PBXBuildFile; fileRef = A611600924F9835B00EAEF74 /* SceneDelegate.swift */; };
		A611600C24F9835B00EAEF74 /* MoviesViewController.swift in Sources */ = {isa = PBXBuildFile; fileRef = A611600B24F9835B00EAEF74 /* MoviesViewController.swift */; };
		A611600F24F9835B00EAEF74 /* Main.storyboard in Resources */ = {isa = PBXBuildFile; fileRef = A611600D24F9835B00EAEF74 /* Main.storyboard */; };
		A611601124F9836000EAEF74 /* Assets.xcassets in Resources */ = {isa = PBXBuildFile; fileRef = A611601024F9836000EAEF74 /* Assets.xcassets */; };
		A611601424F9836000EAEF74 /* LaunchScreen.storyboard in Resources */ = {isa = PBXBuildFile; fileRef = A611601224F9836000EAEF74 /* LaunchScreen.storyboard */; };
		A611601F24F9836000EAEF74 /* FlixTests.swift in Sources */ = {isa = PBXBuildFile; fileRef = A611601E24F9836000EAEF74 /* FlixTests.swift */; };
		A611602A24F9836000EAEF74 /* FlixUITests.swift in Sources */ = {isa = PBXBuildFile; fileRef = A611602924F9836000EAEF74 /* FlixUITests.swift */; };
/* End PBXBuildFile section */

/* Begin PBXContainerItemProxy section */
		A611601B24F9836000EAEF74 /* PBXContainerItemProxy */ = {
			isa = PBXContainerItemProxy;
			containerPortal = A6115FFC24F9835B00EAEF74 /* Project object */;
			proxyType = 1;
			remoteGlobalIDString = A611600324F9835B00EAEF74;
			remoteInfo = Flix;
		};
		A611602624F9836000EAEF74 /* PBXContainerItemProxy */ = {
			isa = PBXContainerItemProxy;
			containerPortal = A6115FFC24F9835B00EAEF74 /* Project object */;
			proxyType = 1;
			remoteGlobalIDString = A611600324F9835B00EAEF74;
			remoteInfo = Flix;
		};
/* End PBXContainerItemProxy section */

/* Begin PBXFileReference section */
		A611600424F9835B00EAEF74 /* Flix.app */ = {isa = PBXFileReference; explicitFileType = wrapper.application; includeInIndex = 0; path = Flix.app; sourceTree = BUILT_PRODUCTS_DIR; };
		A611600724F9835B00EAEF74 /* AppDelegate.swift */ = {isa = PBXFileReference; lastKnownFileType = sourcecode.swift; path = AppDelegate.swift; sourceTree = "<group>"; };
		A611600924F9835B00EAEF74 /* SceneDelegate.swift */ = {isa = PBXFileReference; lastKnownFileType = sourcecode.swift; path = SceneDelegate.swift; sourceTree = "<group>"; };
		A611600B24F9835B00EAEF74 /* MoviesViewController.swift */ = {isa = PBXFileReference; lastKnownFileType = sourcecode.swift; path = MoviesViewController.swift; sourceTree = "<group>"; };
		A611600E24F9835B00EAEF74 /* Base */ = {isa = PBXFileReference; lastKnownFileType = file.storyboard; name = Base; path = Base.lproj/Main.storyboard; sourceTree = "<group>"; };
		A611601024F9836000EAEF74 /* Assets.xcassets */ = {isa = PBXFileReference; lastKnownFileType = folder.assetcatalog; path = Assets.xcassets; sourceTree = "<group>"; };
		A611601324F9836000EAEF74 /* Base */ = {isa = PBXFileReference; lastKnownFileType = file.storyboard; name = Base; path = Base.lproj/LaunchScreen.storyboard; sourceTree = "<group>"; };
		A611601524F9836000EAEF74 /* Info.plist */ = {isa = PBXFileReference; lastKnownFileType = text.plist.xml; path = Info.plist; sourceTree = "<group>"; };
		A611601A24F9836000EAEF74 /* FlixTests.xctest */ = {isa = PBXFileReference; explicitFileType = wrapper.cfbundle; includeInIndex = 0; path = FlixTests.xctest; sourceTree = BUILT_PRODUCTS_DIR; };
		A611601E24F9836000EAEF74 /* FlixTests.swift */ = {isa = PBXFileReference; lastKnownFileType = sourcecode.swift; path = FlixTests.swift; sourceTree = "<group>"; };
		A611602024F9836000EAEF74 /* Info.plist */ = {isa = PBXFileReference; lastKnownFileType = text.plist.xml; path = Info.plist; sourceTree = "<group>"; };
		A611602524F9836000EAEF74 /* FlixUITests.xctest */ = {isa = PBXFileReference; explicitFileType = wrapper.cfbundle; includeInIndex = 0; path = FlixUITests.xctest; sourceTree = BUILT_PRODUCTS_DIR; };
		A611602924F9836000EAEF74 /* FlixUITests.swift */ = {isa = PBXFileReference; lastKnownFileType = sourcecode.swift; path = FlixUITests.swift; sourceTree = "<group>"; };
		A611602B24F9836000EAEF74 /* Info.plist */ = {isa = PBXFileReference; lastKnownFileType = text.plist.xml; path = Info.plist; sourceTree = "<group>"; };
/* End PBXFileReference section */

/* Begin PBXFrameworksBuildPhase section */
		A611600124F9835B00EAEF74 /* Frameworks */ = {
			isa = PBXFrameworksBuildPhase;
			buildActionMask = 2147483647;
			files = (
			);
			runOnlyForDeploymentPostprocessing = 0;
		};
		A611601724F9836000EAEF74 /* Frameworks */ = {
			isa = PBXFrameworksBuildPhase;
			buildActionMask = 2147483647;
			files = (
			);
			runOnlyForDeploymentPostprocessing = 0;
		};
		A611602224F9836000EAEF74 /* Frameworks */ = {
			isa = PBXFrameworksBuildPhase;
			buildActionMask = 2147483647;
			files = (
			);
			runOnlyForDeploymentPostprocessing = 0;
		};
/* End PBXFrameworksBuildPhase section */

/* Begin PBXGroup section */
		A6115FFB24F9835B00EAEF74 = {
			isa = PBXGroup;
			children = (
				A611600624F9835B00EAEF74 /* Flix */,
				A611601D24F9836000EAEF74 /* FlixTests */,
				A611602824F9836000EAEF74 /* FlixUITests */,
				A611600524F9835B00EAEF74 /* Products */,
			);
			sourceTree = "<group>";
		};
		A611600524F9835B00EAEF74 /* Products */ = {
			isa = PBXGroup;
			children = (
				A611600424F9835B00EAEF74 /* Flix.app */,
				A611601A24F9836000EAEF74 /* FlixTests.xctest */,
				A611602524F9836000EAEF74 /* FlixUITests.xctest */,
			);
			name = Products;
			sourceTree = "<group>";
		};
		A611600624F9835B00EAEF74 /* Flix */ = {
			isa = PBXGroup;
			children = (
				A611600724F9835B00EAEF74 /* AppDelegate.swift */,
				A611600924F9835B00EAEF74 /* SceneDelegate.swift */,
				A611600D24F9835B00EAEF74 /* Main.storyboard */,
				A611601024F9836000EAEF74 /* Assets.xcassets */,
				A611601224F9836000EAEF74 /* LaunchScreen.storyboard */,
				A611601524F9836000EAEF74 /* Info.plist */,
				A611600B24F9835B00EAEF74 /* MoviesViewController.swift */,
			);
			path = Flix;
			sourceTree = "<group>";
		};
		A611601D24F9836000EAEF74 /* FlixTests */ = {
			isa = PBXGroup;
			children = (
				A611601E24F9836000EAEF74 /* FlixTests.swift */,
				A611602024F9836000EAEF74 /* Info.plist */,
			);
			path = FlixTests;
			sourceTree = "<group>";
		};
		A611602824F9836000EAEF74 /* FlixUITests */ = {
			isa = PBXGroup;
			children = (
				A611602924F9836000EAEF74 /* FlixUITests.swift */,
				A611602B24F9836000EAEF74 /* Info.plist */,
			);
			path = FlixUITests;
			sourceTree = "<group>";
		};
/* End PBXGroup section */

/* Begin PBXNativeTarget section */
		A611600324F9835B00EAEF74 /* Flix */ = {
			isa = PBXNativeTarget;
			buildConfigurationList = A611602E24F9836000EAEF74 /* Build configuration list for PBXNativeTarget "Flix" */;
			buildPhases = (
				A611600024F9835B00EAEF74 /* Sources */,
				A611600124F9835B00EAEF74 /* Frameworks */,
				A611600224F9835B00EAEF74 /* Resources */,
			);
			buildRules = (
			);
			dependencies = (
			);
			name = Flix;
			productName = Flix;
			productReference = A611600424F9835B00EAEF74 /* Flix.app */;
			productType = "com.apple.product-type.application";
		};
		A611601924F9836000EAEF74 /* FlixTests */ = {
			isa = PBXNativeTarget;
			buildConfigurationList = A611603124F9836000EAEF74 /* Build configuration list for PBXNativeTarget "FlixTests" */;
			buildPhases = (
				A611601624F9836000EAEF74 /* Sources */,
				A611601724F9836000EAEF74 /* Frameworks */,
				A611601824F9836000EAEF74 /* Resources */,
			);
			buildRules = (
			);
			dependencies = (
				A611601C24F9836000EAEF74 /* PBXTargetDependency */,
			);
			name = FlixTests;
			productName = FlixTests;
			productReference = A611601A24F9836000EAEF74 /* FlixTests.xctest */;
			productType = "com.apple.product-type.bundle.unit-test";
		};
		A611602424F9836000EAEF74 /* FlixUITests */ = {
			isa = PBXNativeTarget;
			buildConfigurationList = A611603424F9836000EAEF74 /* Build configuration list for PBXNativeTarget "FlixUITests" */;
			buildPhases = (
				A611602124F9836000EAEF74 /* Sources */,
				A611602224F9836000EAEF74 /* Frameworks */,
				A611602324F9836000EAEF74 /* Resources */,
			);
			buildRules = (
			);
			dependencies = (
				A611602724F9836000EAEF74 /* PBXTargetDependency */,
			);
			name = FlixUITests;
			productName = FlixUITests;
			productReference = A611602524F9836000EAEF74 /* FlixUITests.xctest */;
			productType = "com.apple.product-type.bundle.ui-testing";
		};
/* End PBXNativeTarget section */

/* Begin PBXProject section */
		A6115FFC24F9835B00EAEF74 /* Project object */ = {
			isa = PBXProject;
			attributes = {
				LastSwiftUpdateCheck = 1150;
				LastUpgradeCheck = 1150;
				ORGANIZATIONNAME = gabrielleviray;
				TargetAttributes = {
					A611600324F9835B00EAEF74 = {
						CreatedOnToolsVersion = 11.5;
					};
					A611601924F9836000EAEF74 = {
						CreatedOnToolsVersion = 11.5;
						TestTargetID = A611600324F9835B00EAEF74;
					};
					A611602424F9836000EAEF74 = {
						CreatedOnToolsVersion = 11.5;
						TestTargetID = A611600324F9835B00EAEF74;
					};
				};
			};
			buildConfigurationList = A6115FFF24F9835B00EAEF74 /* Build configuration list for PBXProject "Flix" */;
			compatibilityVersion = "Xcode 9.3";
			developmentRegion = en;
			hasScannedForEncodings = 0;
			knownRegions = (
				en,
				Base,
			);
			mainGroup = A6115FFB24F9835B00EAEF74;
			productRefGroup = A611600524F9835B00EAEF74 /* Products */;
			projectDirPath = "";
			projectRoot = "";
			targets = (
				A611600324F9835B00EAEF74 /* Flix */,
				A611601924F9836000EAEF74 /* FlixTests */,
				A611602424F9836000EAEF74 /* FlixUITests */,
			);
		};
/* End PBXProject section */

/* Begin PBXResourcesBuildPhase section */
		A611600224F9835B00EAEF74 /* Resources */ = {
			isa = PBXResourcesBuildPhase;
			buildActionMask = 2147483647;
			files = (
				A611601424F9836000EAEF74 /* LaunchScreen.storyboard in Resources */,
				A611601124F9836000EAEF74 /* Assets.xcassets in Resources */,
				A611600F24F9835B00EAEF74 /* Main.storyboard in Resources */,
			);
			runOnlyForDeploymentPostprocessing = 0;
		};
		A611601824F9836000EAEF74 /* Resources */ = {
			isa = PBXResourcesBuildPhase;
			buildActionMask = 2147483647;
			files = (
			);
			runOnlyForDeploymentPostprocessing = 0;
		};
		A611602324F9836000EAEF74 /* Resources */ = {
			isa = PBXResourcesBuildPhase;
			buildActionMask = 2147483647;
			files = (
			);
			runOnlyForDeploymentPostprocessing = 0;
		};
/* End PBXResourcesBuildPhase section */

/* Begin PBXSourcesBuildPhase section */
		A611600024F9835B00EAEF74 /* Sources */ = {
			isa = PBXSourcesBuildPhase;
			buildActionMask = 2147483647;
			files = (
				A611600C24F9835B00EAEF74 /* MoviesViewController.swift in Sources */,
				A611600824F9835B00EAEF74 /* AppDelegate.swift in Sources */,
				A611600A24F9835B00EAEF74 /* SceneDelegate.swift in Sources */,
			);
			runOnlyForDeploymentPostprocessing = 0;
		};
		A611601624F9836000EAEF74 /* Sources */ = {
			isa = PBXSourcesBuildPhase;
			buildActionMask = 2147483647;
			files = (
				A611601F24F9836000EAEF74 /* FlixTests.swift in Sources */,
			);
			runOnlyForDeploymentPostprocessing = 0;
		};
		A611602124F9836000EAEF74 /* Sources */ = {
			isa = PBXSourcesBuildPhase;
			buildActionMask = 2147483647;
			files = (
				A611602A24F9836000EAEF74 /* FlixUITests.swift in Sources */,
			);
			runOnlyForDeploymentPostprocessing = 0;
		};
/* End PBXSourcesBuildPhase section */

/* Begin PBXTargetDependency section */
		A611601C24F9836000EAEF74 /* PBXTargetDependency */ = {
			isa = PBXTargetDependency;
			target = A611600324F9835B00EAEF74 /* Flix */;
			targetProxy = A611601B24F9836000EAEF74 /* PBXContainerItemProxy */;
		};
		A611602724F9836000EAEF74 /* PBXTargetDependency */ = {
			isa = PBXTargetDependency;
			target = A611600324F9835B00EAEF74 /* Flix */;
			targetProxy = A611602624F9836000EAEF74 /* PBXContainerItemProxy */;
		};
/* End PBXTargetDependency section */

/* Begin PBXVariantGroup section */
		A611600D24F9835B00EAEF74 /* Main.storyboard */ = {
			isa = PBXVariantGroup;
			children = (
				A611600E24F9835B00EAEF74 /* Base */,
			);
			name = Main.storyboard;
			sourceTree = "<group>";
		};
		A611601224F9836000EAEF74 /* LaunchScreen.storyboard */ = {
			isa = PBXVariantGroup;
			children = (
				A611601324F9836000EAEF74 /* Base */,
			);
			name = LaunchScreen.storyboard;
			sourceTree = "<group>";
		};
/* End PBXVariantGroup section */

/* Begin XCBuildConfiguration section */
		A611602C24F9836000EAEF74 /* Debug */ = {
			isa = XCBuildConfiguration;
			buildSettings = {
				ALWAYS_SEARCH_USER_PATHS = NO;
				CLANG_ANALYZER_NONNULL = YES;
				CLANG_ANALYZER_NUMBER_OBJECT_CONVERSION = YES_AGGRESSIVE;
				CLANG_CXX_LANGUAGE_STANDARD = "gnu++14";
				CLANG_CXX_LIBRARY = "libc++";
				CLANG_ENABLE_MODULES = YES;
				CLANG_ENABLE_OBJC_ARC = YES;
				CLANG_ENABLE_OBJC_WEAK = YES;
				CLANG_WARN_BLOCK_CAPTURE_AUTORELEASING = YES;
				CLANG_WARN_BOOL_CONVERSION = YES;
				CLANG_WARN_COMMA = YES;
				CLANG_WARN_CONSTANT_CONVERSION = YES;
				CLANG_WARN_DEPRECATED_OBJC_IMPLEMENTATIONS = YES;
				CLANG_WARN_DIRECT_OBJC_ISA_USAGE = YES_ERROR;
				CLANG_WARN_DOCUMENTATION_COMMENTS = YES;
				CLANG_WARN_EMPTY_BODY = YES;
				CLANG_WARN_ENUM_CONVERSION = YES;
				CLANG_WARN_INFINITE_RECURSION = YES;
				CLANG_WARN_INT_CONVERSION = YES;
				CLANG_WARN_NON_LITERAL_NULL_CONVERSION = YES;
				CLANG_WARN_OBJC_IMPLICIT_RETAIN_SELF = YES;
				CLANG_WARN_OBJC_LITERAL_CONVERSION = YES;
				CLANG_WARN_OBJC_ROOT_CLASS = YES_ERROR;
				CLANG_WARN_RANGE_LOOP_ANALYSIS = YES;
				CLANG_WARN_STRICT_PROTOTYPES = YES;
				CLANG_WARN_SUSPICIOUS_MOVE = YES;
				CLANG_WARN_UNGUARDED_AVAILABILITY = YES_AGGRESSIVE;
				CLANG_WARN_UNREACHABLE_CODE = YES;
				CLANG_WARN__DUPLICATE_METHOD_MATCH = YES;
				COPY_PHASE_STRIP = NO;
				DEBUG_INFORMATION_FORMAT = dwarf;
				ENABLE_STRICT_OBJC_MSGSEND = YES;
				ENABLE_TESTABILITY = YES;
				GCC_C_LANGUAGE_STANDARD = gnu11;
				GCC_DYNAMIC_NO_PIC = NO;
				GCC_NO_COMMON_BLOCKS = YES;
				GCC_OPTIMIZATION_LEVEL = 0;
				GCC_PREPROCESSOR_DEFINITIONS = (
					"DEBUG=1",
					"$(inherited)",
				);
				GCC_WARN_64_TO_32_BIT_CONVERSION = YES;
				GCC_WARN_ABOUT_RETURN_TYPE = YES_ERROR;
				GCC_WARN_UNDECLARED_SELECTOR = YES;
				GCC_WARN_UNINITIALIZED_AUTOS = YES_AGGRESSIVE;
				GCC_WARN_UNUSED_FUNCTION = YES;
				GCC_WARN_UNUSED_VARIABLE = YES;
				IPHONEOS_DEPLOYMENT_TARGET = 13.5;
				MTL_ENABLE_DEBUG_INFO = INCLUDE_SOURCE;
				MTL_FAST_MATH = YES;
				ONLY_ACTIVE_ARCH = YES;
				SDKROOT = iphoneos;
				SWIFT_ACTIVE_COMPILATION_CONDITIONS = DEBUG;
				SWIFT_OPTIMIZATION_LEVEL = "-Onone";
			};
			name = Debug;
		};
		A611602D24F9836000EAEF74 /* Release */ = {
			isa = XCBuildConfiguration;
			buildSettings = {
				ALWAYS_SEARCH_USER_PATHS = NO;
				CLANG_ANALYZER_NONNULL = YES;
				CLANG_ANALYZER_NUMBER_OBJECT_CONVERSION = YES_AGGRESSIVE;
				CLANG_CXX_LANGUAGE_STANDARD = "gnu++14";
				CLANG_CXX_LIBRARY = "libc++";
				CLANG_ENABLE_MODULES = YES;
				CLANG_ENABLE_OBJC_ARC = YES;
				CLANG_ENABLE_OBJC_WEAK = YES;
				CLANG_WARN_BLOCK_CAPTURE_AUTORELEASING = YES;
				CLANG_WARN_BOOL_CONVERSION = YES;
				CLANG_WARN_COMMA = YES;
				CLANG_WARN_CONSTANT_CONVERSION = YES;
				CLANG_WARN_DEPRECATED_OBJC_IMPLEMENTATIONS = YES;
				CLANG_WARN_DIRECT_OBJC_ISA_USAGE = YES_ERROR;
				CLANG_WARN_DOCUMENTATION_COMMENTS = YES;
				CLANG_WARN_EMPTY_BODY = YES;
				CLANG_WARN_ENUM_CONVERSION = YES;
				CLANG_WARN_INFINITE_RECURSION = YES;
				CLANG_WARN_INT_CONVERSION = YES;
				CLANG_WARN_NON_LITERAL_NULL_CONVERSION = YES;
				CLANG_WARN_OBJC_IMPLICIT_RETAIN_SELF = YES;
				CLANG_WARN_OBJC_LITERAL_CONVERSION = YES;
				CLANG_WARN_OBJC_ROOT_CLASS = YES_ERROR;
				CLANG_WARN_RANGE_LOOP_ANALYSIS = YES;
				CLANG_WARN_STRICT_PROTOTYPES = YES;
				CLANG_WARN_SUSPICIOUS_MOVE = YES;
				CLANG_WARN_UNGUARDED_AVAILABILITY = YES_AGGRESSIVE;
				CLANG_WARN_UNREACHABLE_CODE = YES;
				CLANG_WARN__DUPLICATE_METHOD_MATCH = YES;
				COPY_PHASE_STRIP = NO;
				DEBUG_INFORMATION_FORMAT = "dwarf-with-dsym";
				ENABLE_NS_ASSERTIONS = NO;
				ENABLE_STRICT_OBJC_MSGSEND = YES;
				GCC_C_LANGUAGE_STANDARD = gnu11;
				GCC_NO_COMMON_BLOCKS = YES;
				GCC_WARN_64_TO_32_BIT_CONVERSION = YES;
				GCC_WARN_ABOUT_RETURN_TYPE = YES_ERROR;
				GCC_WARN_UNDECLARED_SELECTOR = YES;
				GCC_WARN_UNINITIALIZED_AUTOS = YES_AGGRESSIVE;
				GCC_WARN_UNUSED_FUNCTION = YES;
				GCC_WARN_UNUSED_VARIABLE = YES;
				IPHONEOS_DEPLOYMENT_TARGET = 13.5;
				MTL_ENABLE_DEBUG_INFO = NO;
				MTL_FAST_MATH = YES;
				SDKROOT = iphoneos;
				SWIFT_COMPILATION_MODE = wholemodule;
				SWIFT_OPTIMIZATION_LEVEL = "-O";
				VALIDATE_PRODUCT = YES;
			};
			name = Release;
		};
		A611602F24F9836000EAEF74 /* Debug */ = {
			isa = XCBuildConfiguration;
			buildSettings = {
				ASSETCATALOG_COMPILER_APPICON_NAME = AppIcon;
				CODE_SIGN_STYLE = Automatic;
				DEVELOPMENT_TEAM = PWUAJ69Y97;
				INFOPLIST_FILE = Flix/Info.plist;
				LD_RUNPATH_SEARCH_PATHS = (
					"$(inherited)",
					"@executable_path/Frameworks",
				);
				PRODUCT_BUNDLE_IDENTIFIER = com.gabrielleviray.Flix;
				PRODUCT_NAME = "$(TARGET_NAME)";
				SWIFT_VERSION = 5.0;
				TARGETED_DEVICE_FAMILY = "1,2";
			};
			name = Debug;
		};
		A611603024F9836000EAEF74 /* Release */ = {
			isa = XCBuildConfiguration;
			buildSettings = {
				ASSETCATALOG_COMPILER_APPICON_NAME = AppIcon;
				CODE_SIGN_STYLE = Automatic;
				DEVELOPMENT_TEAM = PWUAJ69Y97;
				INFOPLIST_FILE = Flix/Info.plist;
				LD_RUNPATH_SEARCH_PATHS = (
					"$(inherited)",
					"@executable_path/Frameworks",
				);
				PRODUCT_BUNDLE_IDENTIFIER = com.gabrielleviray.Flix;
				PRODUCT_NAME = "$(TARGET_NAME)";
				SWIFT_VERSION = 5.0;
				TARGETED_DEVICE_FAMILY = "1,2";
			};
			name = Release;
		};
		A611603224F9836000EAEF74 /* Debug */ = {
			isa = XCBuildConfiguration;
			buildSettings = {
				ALWAYS_EMBED_SWIFT_STANDARD_LIBRARIES = YES;
				BUNDLE_LOADER = "$(TEST_HOST)";
				CODE_SIGN_STYLE = Automatic;
				INFOPLIST_FILE = FlixTests/Info.plist;
				IPHONEOS_DEPLOYMENT_TARGET = 13.5;
				LD_RUNPATH_SEARCH_PATHS = (
					"$(inherited)",
					"@executable_path/Frameworks",
					"@loader_path/Frameworks",
				);
				PRODUCT_BUNDLE_IDENTIFIER = com.gabrielleviray.FlixTests;
				PRODUCT_NAME = "$(TARGET_NAME)";
				SWIFT_VERSION = 5.0;
				TARGETED_DEVICE_FAMILY = "1,2";
				TEST_HOST = "$(BUILT_PRODUCTS_DIR)/Flix.app/Flix";
			};
			name = Debug;
		};
		A611603324F9836000EAEF74 /* Release */ = {
			isa = XCBuildConfiguration;
			buildSettings = {
				ALWAYS_EMBED_SWIFT_STANDARD_LIBRARIES = YES;
				BUNDLE_LOADER = "$(TEST_HOST)";
				CODE_SIGN_STYLE = Automatic;
				INFOPLIST_FILE = FlixTests/Info.plist;
				IPHONEOS_DEPLOYMENT_TARGET = 13.5;
				LD_RUNPATH_SEARCH_PATHS = (
					"$(inherited)",
					"@executable_path/Frameworks",
					"@loader_path/Frameworks",
				);
				PRODUCT_BUNDLE_IDENTIFIER = com.gabrielleviray.FlixTests;
				PRODUCT_NAME = "$(TARGET_NAME)";
				SWIFT_VERSION = 5.0;
				TARGETED_DEVICE_FAMILY = "1,2";
				TEST_HOST = "$(BUILT_PRODUCTS_DIR)/Flix.app/Flix";
			};
			name = Release;
		};
		A611603524F9836000EAEF74 /* Debug */ = {
			isa = XCBuildConfiguration;
			buildSettings = {
				ALWAYS_EMBED_SWIFT_STANDARD_LIBRARIES = YES;
				CODE_SIGN_STYLE = Automatic;
				INFOPLIST_FILE = FlixUITests/Info.plist;
				LD_RUNPATH_SEARCH_PATHS = (
					"$(inherited)",
					"@executable_path/Frameworks",
					"@loader_path/Frameworks",
				);
				PRODUCT_BUNDLE_IDENTIFIER = com.gabrielleviray.FlixUITests;
				PRODUCT_NAME = "$(TARGET_NAME)";
				SWIFT_VERSION = 5.0;
				TARGETED_DEVICE_FAMILY = "1,2";
				TEST_TARGET_NAME = Flix;
			};
			name = Debug;
		};
		A611603624F9836000EAEF74 /* Release */ = {
			isa = XCBuildConfiguration;
			buildSettings = {
				ALWAYS_EMBED_SWIFT_STANDARD_LIBRARIES = YES;
				CODE_SIGN_STYLE = Automatic;
				INFOPLIST_FILE = FlixUITests/Info.plist;
				LD_RUNPATH_SEARCH_PATHS = (
					"$(inherited)",
					"@executable_path/Frameworks",
					"@loader_path/Frameworks",
				);
				PRODUCT_BUNDLE_IDENTIFIER = com.gabrielleviray.FlixUITests;
				PRODUCT_NAME = "$(TARGET_NAME)";
				SWIFT_VERSION = 5.0;
				TARGETED_DEVICE_FAMILY = "1,2";
				TEST_TARGET_NAME = Flix;
			};
			name = Release;
		};
/* End XCBuildConfiguration section */

/* Begin XCConfigurationList section */
		A6115FFF24F9835B00EAEF74 /* Build configuration list for PBXProject "Flix" */ = {
			isa = XCConfigurationList;
			buildConfigurations = (
				A611602C24F9836000EAEF74 /* Debug */,
				A611602D24F9836000EAEF74 /* Release */,
			);
			defaultConfigurationIsVisible = 0;
			defaultConfigurationName = Release;
		};
		A611602E24F9836000EAEF74 /* Build configuration list for PBXNativeTarget "Flix" */ = {
			isa = XCConfigurationList;
			buildConfigurations = (
				A611602F24F9836000EAEF74 /* Debug */,
				A611603024F9836000EAEF74 /* Release */,
			);
			defaultConfigurationIsVisible = 0;
			defaultConfigurationName = Release;
		};
		A611603124F9836000EAEF74 /* Build configuration list for PBXNativeTarget "FlixTests" */ = {
			isa = XCConfigurationList;
			buildConfigurations = (
				A611603224F9836000EAEF74 /* Debug */,
				A611603324F9836000EAEF74 /* Release */,
			);
			defaultConfigurationIsVisible = 0;
			defaultConfigurationName = Release;
		};
		A611603424F9836000EAEF74 /* Build configuration list for PBXNativeTarget "FlixUITests" */ = {
			isa = XCConfigurationList;
			buildConfigurations = (
				A611603524F9836000EAEF74 /* Debug */,
				A611603624F9836000EAEF74 /* Release */,
			);
			defaultConfigurationIsVisible = 0;
			defaultConfigurationName = Release;
		};
/* End XCConfigurationList section */
	};
	rootObject = A6115FFC24F9835B00EAEF74 /* Project object */;
}
